
Microsoft Visual Studio Solution File, Format Version 12.00
# Visual Studio Version 17
VisualStudioVersion = 17.8.34330.188
MinimumVisualStudioVersion = 10.0.40219.1
Project("{FAE04EC0-301F-11D3-BF4B-00C04F79EFBC}") = "CarSearch", "CarSearch\CarSearch.csproj", "{217CA09C-FA71-43DD-A6F4-48992111F26F}"
EndProject
Global
	GlobalSection(SolutionConfigurationPlatforms) = preSolution
		Debug|Any CPU = Debug|Any CPU
		Release|Any CPU = Release|Any CPU
	EndGlobalSection
	GlobalSection(ProjectConfigurationPlatforms) = postSolution
		{217CA09C-FA71-43DD-A6F4-48992111F26F}.Debug|Any CPU.ActiveCfg = Debug|Any CPU
		{217CA09C-FA71-43DD-A6F4-48992111F26F}.Debug|Any CPU.Build.0 = Debug|Any CPU
		{217CA09C-FA71-43DD-A6F4-48992111F26F}.Release|Any CPU.ActiveCfg = Release|Any CPU
		{217CA09C-FA71-43DD-A6F4-48992111F26F}.Release|Any CPU.Build.0 = Release|Any CPU
	EndGlobalSection
	GlobalSection(SolutionProperties) = preSolution
		HideSolutionNode = FALSE
	EndGlobalSection
	GlobalSection(ExtensibilityGlobals) = postSolution
		SolutionGuid = {5F00A1DA-D9AF-4B80-9CD0-FDF3118A7A52}
	EndGlobalSection
EndGlobal
